Microsoft Visual Studio Solution File, Format Version 12.00
# Visual Studio Version 17
VisualStudioVersion = 17.10.35004.147
MinimumVisualStudioVersion = 10.0.40219.1
Project("{2150E333-8FDC-42A3-9474-1A3956D46DE8}") = "src", "src", "{6E1A2C71-9F3D-4B22-8C5E-1A2B3C4D5E10}"
EndProject
Project("{2150E333-8FDC-42A3-9474-1A3956D46DE8}") = "tests", "tests", "{6E1A2C71-9F3D-4B22-8C5E-1A2B3C4D5E11}"
EndProject
Project("{FAE04EC0-301F-11D3-BF4B-00C04F79EFBC}") = "MediaSuite.Core", "src\MediaSuite.Core\MediaSuite.Core.csproj", "{6E1A2C71-9F3D-4B22-8C5E-1A2B3C4D5E01}"
EndProject
Project("{FAE04EC0-301F-11D3-BF4B-00C04F79EFBC}") = "MediaSuite.App", "src\MediaSuite.App\MediaSuite.App.csproj", "{6E1A2C71-9F3D-4B22-8C5E-1A2B3C4D5E02}"
EndProject
Project("{FAE04EC0-301F-11D3-BF4B-00C04F79EFBC}") = "MediaSuite.Core.Tests", "tests\MediaSuite.Core.Tests\MediaSuite.Core.Tests.csproj", "{6E1A2C71-9F3D-4B22-8C5E-1A2B3C4D5E03}"
EndProject
Project("{FAE04EC0-301F-11D3-BF4B-00C04F79EFBC}") = "MediaSuite.App.Tests", "tests\MediaSuite.App.Tests\MediaSuite.App.Tests.csproj", "{6E1A2C71-9F3D-4B22-8C5E-1A2B3C4D5E04}"
EndProject
Global
	GlobalSection(SolutionConfigurationPlatforms) = preSolution
		Debug|Any CPU = Debug|Any CPU
		Release|Any CPU = Release|Any CPU
	EndGlobalSection
	GlobalSection(ProjectConfigurationPlatforms) = postSolution
		{6E1A2C71-9F3D-4B22-8C5E-1A2B3C4D5E01}.Debug|Any CPU.ActiveCfg = Debug|Any CPU
		{6E1A2C71-9F3D-4B22-8C5E-1A2B3C4D5E01}.Debug|Any CPU.Build.0 = Debug|Any CPU
		{6E1A2C71-9F3D-4B22-8C5E-1A2B3C4D5E01}.Release|Any CPU.ActiveCfg = Release|Any CPU
		{6E1A2C71-9F3D-4B22-8C5E-1A2B3C4D5E01}.Release|Any CPU.Build.0 = Release|Any CPU
		{6E1A2C71-9F3D-4B22-8C5E-1A2B3C4D5E02}.Debug|Any CPU.ActiveCfg = Debug|Any CPU
		{6E1A2C71-9F3D-4B22-8C5E-1A2B3C4D5E02}.Debug|Any CPU.Build.0 = Debug|Any CPU
		{6E1A2C71-9F3D-4B22-8C5E-1A2B3C4D5E02}.Release|Any CPU.ActiveCfg = Release|Any CPU
		{6E1A2C71-9F3D-4B22-8C5E-1A2B3C4D5E02}.Release|Any CPU.Build.0 = Release|Any CPU
		{6E1A2C71-9F3D-4B22-8C5E-1A2B3C4D5E03}.Debug|Any CPU.ActiveCfg = Debug|Any CPU
		{6E1A2C71-9F3D-4B22-8C5E-1A2B3C4D5E03}.Debug|Any CPU.Build.0 = Debug|Any CPU
		{6E1A2C71-9F3D-4B22-8C5E-1A2B3C4D5E03}.Release|Any CPU.ActiveCfg = Release|Any CPU
		{6E1A2C71-9F3D-4B22-8C5E-1A2B3C4D5E03}.Release|Any CPU.Build.0 = Release|Any CPU
		{6E1A2C71-9F3D-4B22-8C5E-1A2B3C4D5E04}.Debug|Any CPU.ActiveCfg = Debug|Any CPU
		{6E1A2C71-9F3D-4B22-8C5E-1A2B3C4D5E04}.Debug|Any CPU.Build.0 = Debug|Any CPU
		{6E1A2C71-9F3D-4B22-8C5E-1A2B3C4D5E04}.Release|Any CPU.ActiveCfg = Release|Any CPU
		{6E1A2C71-9F3D-4B22-8C5E-1A2B3C4D5E04}.Release|Any CPU.Build.0 = Release|Any CPU
	EndGlobalSection
	GlobalSection(SolutionProperties) = preSolution
		HideSolutionNode = FALSE
	EndGlobalSection
	GlobalSection(NestedProjects) = preSolution
		{6E1A2C71-9F3D-4B22-8C5E-1A2B3C4D5E01} = {6E1A2C71-9F3D-4B22-8C5E-1A2B3C4D5E10}
		{6E1A2C71-9F3D-4B22-8C5E-1A2B3C4D5E02} = {6E1A2C71-9F3D-4B22-8C5E-1A2B3C4D5E10}
		{6E1A2C71-9F3D-4B22-8C5E-1A2B3C4D5E03} = {6E1A2C71-9F3D-4B22-8C5E-1A2B3C4D5E11}
		{6E1A2C71-9F3D-4B22-8C5E-1A2B3C4D5E04} = {6E1A2C71-9F3D-4B22-8C5E-1A2B3C4D5E11}
	EndGlobalSection
EndGlobal
